
Microsoft Visual Studio Solution File, Format Version 12.00
# Visual Studio Version 17
VisualStudioVersion = 17.2.32616.157
MinimumVisualStudioVersion = 10.0.40219.1
Project("{FAE04EC0-301F-11D3-BF4B-00C04F79EFBC}") = "InvertendoString", "InvertendoString.csproj", "{203D1019-D7A0-4078-9058-07B27361E185}"
EndProject
Global
	GlobalSection(SolutionConfigurationPlatforms) = preSolution
		Debug|Any CPU = Debug|Any CPU
		Release|Any CPU = Release|Any CPU
	EndGlobalSection
	GlobalSection(ProjectConfigurationPlatforms) = postSolution
		{203D1019-D7A0-4078-9058-07B27361E185}.Debug|Any CPU.ActiveCfg = Debug|Any CPU
		{203D1019-D7A0-4078-9058-07B27361E185}.Debug|Any CPU.Build.0 = Debug|Any CPU
		{203D1019-D7A0-4078-9058-07B27361E185}.Release|Any CPU.ActiveCfg = Release|Any CPU
		{203D1019-D7A0-4078-9058-07B27361E185}.Release|Any CPU.Build.0 = Release|Any CPU
	EndGlobalSection
	GlobalSection(SolutionProperties) = preSolution
		HideSolutionNode = FALSE
	EndGlobalSection
	GlobalSection(ExtensibilityGlobals) = postSolution
		SolutionGuid = {C852140D-E3D3-4DA3-AA63-312777FA3404}
	EndGlobalSection
EndGlobal
